{
    "_meta": {
        "hash": {
            "sha256": "d969495a0b239b6a51c9f36c8f1f11973065dec8df73872af5f5cd978ca608f8"
        },
        "pipfile-spec": 6,
        "requires": {
            "python_version": "3.13"
        },
        "sources": [
            {
                "name": "pypi",
                "url": "https://pypi.org/simple",
                "verify_ssl": true
            }
        ]
    },
    "default": {
        "asgiref": {
            "hashes": [
                "sha256:a5ab6582236218e5ef1648f242fd9f10626cfd4de8dc377db215d5d5098e3142",
                "sha256:f3bba7092a48005b5f5bacd747d36ee4a5a61f4a269a6df590b43144355ebd2c"
            ],
            "markers": "python_version >= '3.9'",
            "version": "==3.9.1"
        },
        "autopep8": {
            "hashes": [
                "sha256:89440a4f969197b69a995e4ce0661b031f455a9f776d2c5ba3dbd83466931758",
                "sha256:ce8ad498672c845a0c3de2629c15b635ec2b05ef8177a6e7c91c74f3e9b51128"
            ],
            "index": "pypi",
            "markers": "python_version >= '3.9'",
            "version": "==2.3.2"
        },
        "click": {
            "hashes": [
                "sha256:27c491cc05d968d271d5a1db13e3b5a184636d9d930f148c50b038f0d0646202",
                "sha256:61a3265b914e850b85317d0b3109c7f8cd35a670f963866005d6ef1d5175a12b"
            ],
            "markers": "python_version >= '3.10'",
            "version": "==8.2.1"
        },
        "colorama": {
            "hashes": [
                "sha256:08695f5cb7ed6e0531a20572697297273c47b8cae5a63ffc6d6ed5c201be6e44",
                "sha256:4f1d9991f5acc0ca119f9d443620b77f9d6b33703e51011c16baf57afb285fc6"
            ],
            "markers": "python_version >= '2.7' and python_version not in '3.0, 3.1, 3.2, 3.3, 3.4, 3.5, 3.6'",
            "version": "==0.4.6"
        },
        "cssbeautifier": {
            "hashes": [
                "sha256:78c84d5e5378df7d08622bbd0477a1abdbd209680e95480bf22f12d5701efc98",
                "sha256:9bb08dc3f64c101a01677f128acf01905914cf406baf87434dcde05b74c0acf5"
            ],
            "version": "==1.15.4"
        },
        "django": {
            "hashes": [
                "sha256:42fdeaba6e6449d88d4f66de47871015097dc6f1b87910db00a91946295cfae4",
                "sha256:dafbfaf52c2f289bd65f4ab935791cb4fb9a198f2a5ba9faf35d7338a77e9803"
            ],
            "index": "pypi",
            "markers": "python_version >= '3.8'",
            "version": "==4.2.23"
        },
        "django-tastypie": {
            "hashes": [
                "sha256:1eb41318b08c0ebc9b8a386871b45401a623e6a5566bf32ae3e17be2c59318b7"
            ],
            "index": "pypi",
            "version": "==0.15.1"
        },
        "djlint": {
            "hashes": [
                "sha256:16ce37e085afe5a30953b2bd87cbe34c37843d94c701fc68a2dda06c1e428ff4",
                "sha256:17254f218b46fe5a714b224c85074c099bcb74e3b2e1f15c2ddc2cf415a408a1",
                "sha256:3164a048c7bb0baf042387b1e33f9bbbf99d90d1337bb4c3d66eb0f96f5400a1",
                "sha256:3196d5277da5934962d67ad6c33a948ba77a7b6eadf064648bef6ee5f216b03c",
                "sha256:3d68da0ed10ee9ca1e32e225cbb8e9b98bf7e6f8b48a8e4836117b6605b88cc7",
                "sha256:4bc6a1320c0030244b530ac200642f883d3daa451a115920ef3d56d08b644292",
                "sha256:53cbc450aa425c832f09bc453b8a94a039d147b096740df54a3547fada77ed08",
                "sha256:5b01a98df3e1ab89a552793590875bc6e954cad661a9304057db75363d519fa0",
                "sha256:6c601dfa68ea253311deb4a29a7362b7a64933bdfcfb5a06618f3e70ad1fa835",
                "sha256:79489e262b5ac23a8dfb7ca37f1eea979674cfc2d2644f7061d95bea12c38f7e",
                "sha256:7a483390d17e44df5bc23dcea29bdf6b63f3ed8b4731d844773a4829af4f5e0b",
                "sha256:89678661888c03d7bc6cadd75af69db29962b5ecbf93a81518262f5c48329f04",
                "sha256:962f7b83aee166e499eff916d631c6dde7f1447d7610785a60ed2a75a5763483",
                "sha256:a2dfb60883ceb92465201bfd392291a7597c6752baede6fbb6f1980cac8d6c5c",
                "sha256:bb6903777bf3124f5efedcddf1f4716aef097a7ec4223fc0fa54b865829a6e08",
                "sha256:bda5014f295002363381969864addeb2db13955f1b26e772657c3b273ed7809f",
                "sha256:c0478d5392247f1e6ee29220bbdbf7fb4e1bc0e7e83d291fda6fb926c1787ba7",
                "sha256:dabbb4f7b93223d471d09ae34ed515fef98b2233cbca2449ad117416c44b1351",
                "sha256:e58c5fa8c6477144a0be0a87273706a059e6dd0d6efae01146ae8c29cdfca675",
                "sha256:e9699b8ac3057a6ed04fb90835b89bee954ed1959c01541ce4f8f729c938afdd",
                "sha256:ead475013bcac46095b1bbc8cf97ed2f06e83422335734363f8a76b4ba7e47c2",
                "sha256:ff9faffd7d43ac20467493fa71d5355b5b330a00ade1c4d1e859022f4195223b"
            ],
            "index": "pypi",
            "markers": "python_version >= '3.9'",
            "version": "==1.36.4"
        },
        "editorconfig": {
            "hashes": [
                "sha256:1eda9c2c0db8c16dbd50111b710572a5e6de934e39772de1959d41f64fc17c82",
                "sha256:23c08b00e8e08cc3adcddb825251c497478df1dada6aefeb01e626ad37303745"
            ],
            "markers": "python_version >= '3.9'",
            "version": "==0.17.1"
        },
        "jsbeautifier": {
            "hashes": [
                "sha256:5bb18d9efb9331d825735fbc5360ee8f1aac5e52780042803943aa7f854f7592",
                "sha256:72f65de312a3f10900d7685557f84cb61a9733c50dcc27271a39f5b0051bf528"
            ],
            "version": "==1.15.4"
        },
        "json5": {
            "hashes": [
                "sha256:0b4b6ff56801a1c7dc817b0241bca4ce474a0e6a163bfef3fc594d3fd263ff3a",
                "sha256:6d37aa6c08b0609f16e1ec5ff94697e2cbbfbad5ac112afa05794da9ab7810db"
            ],
            "markers": "python_full_version >= '3.8.0'",
            "version": "==0.12.0"
        },
        "pathspec": {
            "hashes": [
                "sha256:a0d503e138a4c123b27490a4f7beda6a01c6f288df0e4a8b79c7eb0dc7b4cc08",
                "sha256:a482d51503a1ab33b1c67a6c3813a26953dbdc71c31dacaef9a838c4e29f5712"
            ],
            "markers": "python_version >= '3.8'",
            "version": "==0.12.1"
        },
        "pycodestyle": {
            "hashes": [
                "sha256:c4b5b517d278089ff9d0abdec919cd97262a3367449ea1c8b49b91529167b783",
                "sha256:dd6bf7cb4ee77f8e016f9c8e74a35ddd9f67e1d5fd4184d86c3b98e07099f42d"
            ],
            "markers": "python_version >= '3.9'",
            "version": "==2.14.0"
        },
        "python-dateutil": {
            "hashes": [
                "sha256:37dd54208da7e1cd875388217d5e00ebd4179249f90fb72437e91a35459a0ad3",
                "sha256:a8b2bc7bffae282281c8140a97d3aa9c14da0b136dfe83f850eea9a5f7470427"
            ],
            "markers": "python_version >= '2.7' and python_version not in '3.0, 3.1, 3.2'",
            "version": "==2.9.0.post0"
        },
        "python-mimeparse": {
            "hashes": [
                "sha256:574062a06f2e1d416535c8d3b83ccc6ebe95941e74e2c5939fc010a12e37cc09",
                "sha256:5b9a9dcf7aa82465e31bd667f5cb7000604811dce83554f1c8a43693a32cb303"
            ],
            "markers": "python_version >= '3.8'",
            "version": "==2.0.0"
        },
        "pyyaml": {
            "hashes": [
                "sha256:01179a4a8559ab5de078078f37e5c1a30d76bb88519906844fd7bdea1b7729ff",
                "sha256:0833f8694549e586547b576dcfaba4a6b55b9e96098b36cdc7ebefe667dfed48",
                "sha256:0a9a2848a5b7feac301353437eb7d5957887edbf81d56e903999a75a3d743086",
                "sha256:0b69e4ce7a131fe56b7e4d770c67429700908fc0752af059838b1cfb41960e4e",
                "sha256:0ffe8360bab4910ef1b9e87fb812d8bc0a308b0d0eef8c8f44e0254ab3b07133",
                "sha256:11d8f3dd2b9c1207dcaf2ee0bbbfd5991f571186ec9cc78427ba5bd32afae4b5",
                "sha256:17e311b6c678207928d649faa7cb0d7b4c26a0ba73d41e99c4fff6b6c3276484",
                "sha256:1e2120ef853f59c7419231f3bf4e7021f1b936f6ebd222406c3b60212205d2ee",
                "sha256:1f71ea527786de97d1a0cc0eacd1defc0985dcf6b3f17bb77dcfc8c34bec4dc5",
                "sha256:23502f431948090f597378482b4812b0caae32c22213aecf3b55325e049a6c68",
                "sha256:24471b829b3bf607e04e88d79542a9d48bb037c2267d7927a874e6c205ca7e9a",
                "sha256:29717114e51c84ddfba879543fb232a6ed60086602313ca38cce623c1d62cfbf",
                "sha256:2e99c6826ffa974fe6e27cdb5ed0021786b03fc98e5ee3c5bfe1fd5015f42b99",
                "sha256:39693e1f8320ae4f43943590b49779ffb98acb81f788220ea932a6b6c51004d8",
                "sha256:3ad2a3decf9aaba3d29c8f537ac4b243e36bef957511b4766cb0057d32b0be85",
                "sha256:3b1fdb9dc17f5a7677423d508ab4f243a726dea51fa5e70992e59a7411c89d19",
                "sha256:41e4e3953a79407c794916fa277a82531dd93aad34e29c2a514c2c0c5fe971cc",
                "sha256:43fa96a3ca0d6b1812e01ced1044a003533c47f6ee8aca31724f78e93ccc089a",
                "sha256:50187695423ffe49e2deacb8cd10510bc361faac997de9efef88badc3bb9e2d1",
                "sha256:5ac9328ec4831237bec75defaf839f7d4564be1e6b25ac710bd1a96321cc8317",
                "sha256:5d225db5a45f21e78dd9358e58a98702a0302f2659a3c6cd320564b75b86f47c",
                "sha256:6395c297d42274772abc367baaa79683958044e5d3835486c16da75d2a694631",
                "sha256:688ba32a1cffef67fd2e9398a2efebaea461578b0923624778664cc1c914db5d",
                "sha256:68ccc6023a3400877818152ad9a1033e3db8625d899c72eacb5a668902e4d652",
                "sha256:70b189594dbe54f75ab3a1acec5f1e3faa7e8cf2f1e08d9b561cb41b845f69d5",
                "sha256:797b4f722ffa07cc8d62053e4cff1486fa6dc094105d13fea7b1de7d8bf71c9e",
                "sha256:7c36280e6fb8385e520936c3cb3b8042851904eba0e58d277dca80a5cfed590b",
                "sha256:7e7401d0de89a9a855c839bc697c079a4af81cf878373abd7dc625847d25cbd8",
                "sha256:80bab7bfc629882493af4aa31a4cfa43a4c57c83813253626916b8c7ada83476",
                "sha256:82d09873e40955485746739bcb8b4586983670466c23382c19cffecbf1fd8706",
                "sha256:8388ee1976c416731879ac16da0aff3f63b286ffdd57cdeb95f3f2e085687563",
                "sha256:8824b5a04a04a047e72eea5cec3bc266db09e35de6bdfe34c9436ac5ee27d237",
                "sha256:8b9c7197f7cb2738065c481a0461e50ad02f18c78cd75775628afb4d7137fb3b",
                "sha256:9056c1ecd25795207ad294bcf39f2db3d845767be0ea6e6a34d856f006006083",
                "sha256:936d68689298c36b53b29f23c6dbb74de12b4ac12ca6cfe0e047bedceea56180",
                "sha256:9b22676e8097e9e22e36d6b7bda33190d0d400f345f23d4065d48f4ca7ae0425",
                "sha256:a4d3091415f010369ae4ed1fc6b79def9416358877534caf6a0fdd2146c87a3e",
                "sha256:a8786accb172bd8afb8be14490a16625cbc387036876ab6ba70912730faf8e1f",
                "sha256:a9f8c2e67970f13b16084e04f134610fd1d374bf477b17ec1599185cf611d725",
                "sha256:bc2fa7c6b47d6bc618dd7fb02ef6fdedb1090ec036abab80d4681424b84c1183",
                "sha256:c70c95198c015b85feafc136515252a261a84561b7b1d51e3384e0655ddf25ab",
                "sha256:cc1c1159b3d456576af7a3e4d1ba7e6924cb39de8f67111c735f6fc832082774",
                "sha256:ce826d6ef20b1bc864f0a68340c8b3287705cae2f8b4b1d932177dcc76721725",
                "sha256:d584d9ec91ad65861cc08d42e834324ef890a082e591037abe114850ff7bbc3e",
                "sha256:d7fded462629cfa4b685c5416b949ebad6cec74af5e2d42905d41e257e0869f5",
                "sha256:d84a1718ee396f54f3a086ea0a66d8e552b2ab2017ef8b420e92edbc841c352d",
                "sha256:d8e03406cac8513435335dbab54c0d385e4a49e4945d2909a581c83647ca0290",
                "sha256:e10ce637b18caea04431ce14fabcf5c64a1c61ec9c56b071a4b7ca131ca52d44",
                "sha256:ec031d5d2feb36d1d1a24380e4db6d43695f3748343d99434e6f5f9156aaa2ed",
                "sha256:ef6107725bd54b262d6dedcc2af448a266975032bc85ef0172c5f059da6325b4",
                "sha256:efdca5630322a10774e8e98e1af481aad470dd62c3170801852d752aa7a783ba",
                "sha256:f753120cb8181e736c57ef7636e83f31b9c0d1722c516f7e86cf15b7aa57ff12",
                "sha256:ff3824dc5261f50c9b0dfb3be22b4567a6f938ccce4587b38952d85fd9e9afe4"
            ],
            "markers": "python_version >= '3.8'",
            "version": "==6.0.2"
        },
        "regex": {
            "hashes": [
                "sha256:0200a5150c4cf61e407038f4b4d5cdad13e86345dac29ff9dab3d75d905cf130",
                "sha256:02e5860a250cd350c4933cf376c3bc9cb28948e2c96a8bc042aee7b985cfa26f",
                "sha256:075641c94126b064c65ab86e7e71fc3d63e7ff1bea1fb794f0773c97cdad3a03",
                "sha256:0a5966220b9a1a88691282b7e4350e9599cf65780ca60d914a798cb791aa1177",
                "sha256:0b85241d3cfb9f8a13cefdfbd58a2843f208f2ed2c88181bf84e22e0c7fc066d",
                "sha256:1a764a83128af9c1a54be81485b34dca488cbcacefe1e1d543ef11fbace191e1",
                "sha256:1e4f4f62599b8142362f164ce776f19d79bdd21273e86920a7b604a4275b4f59",
                "sha256:20ff8433fa45e131f7316594efe24d4679c5449c0ca69d91c2f9d21846fdf064",
                "sha256:24257953d5c1d6d3c129ab03414c07fc1a47833c9165d49b954190b2b7f21a1a",
                "sha256:2d15a9da5fad793e35fb7be74eec450d968e05d2e294f3e0e77ab03fa7234a83",
                "sha256:3157aa512b9e606586900888cd469a444f9b898ecb7f8931996cb715f77477f0",
                "sha256:32b9f9bcf0f605eb094b08e8da72e44badabb63dde6b83bd530580b488d1c6da",
                "sha256:33be70d75fa05a904ee0dc43b650844e067d14c849df7e82ad673541cd465b5f",
                "sha256:35e43ebf5b18cd751ea81455b19acfdec402e82fe0dc6143edfae4c5c4b3909a",
                "sha256:37555e4ae0b93358fa7c2d240a4291d4a4227cc7c607d8f85596cdb08ec0a083",
                "sha256:3b836eb4a95526b263c2a3359308600bd95ce7848ebd3c29af0c37c4f9627cd3",
                "sha256:4494f8fd95a77eb434039ad8460e64d57baa0434f1395b7da44015bef650d0e4",
                "sha256:469142fb94a869beb25b5f18ea87646d21def10fbacb0bcb749224f3509476f0",
                "sha256:48fb045bbd4aab2418dc1ba2088a5e32de4bfe64e1457b948bb328a8dc2f1c2e",
                "sha256:4913f52fbc7a744aaebf53acd8d3dc1b519e46ba481d4d7596de3c862e011ada",
                "sha256:4b7dc33b9b48fb37ead12ffc7bdb846ac72f99a80373c4da48f64b373a7abeae",
                "sha256:4b8c4d39f451e64809912c82392933d80fe2e4a87eeef8859fcc5380d0173c64",
                "sha256:4f42b522259c66e918a0121a12429b2abcf696c6f967fa37bdc7b72e61469f98",
                "sha256:4fef81b2f7ea6a2029161ed6dea9ae13834c28eb5a95b8771828194a026621e4",
                "sha256:524c868ba527eab4e8744a9287809579f54ae8c62fbf07d62aacd89f6026b282",
                "sha256:57d25b6732ea93eeb1d090e8399b6235ca84a651b52d52d272ed37d3d2efa0f1",
                "sha256:5d7de1ceed5a5f84f342ba4a9f4ae589524adf9744b2ee61b5da884b5b659834",
                "sha256:6164b1d99dee1dfad33f301f174d8139d4368a9fb50bf0a3603b2eaf579963ad",
                "sha256:656433e5b7dccc9bc0da6312da8eb897b81f5e560321ec413500e5367fcd5d47",
                "sha256:69c593ff5a24c0d5c1112b0df9b09eae42b33c014bdca7022d6523b210b69f72",
                "sha256:69ed3bc611540f2ea70a4080f853741ec698be556b1df404599f8724690edbcd",
                "sha256:6c053f9647e3421dd2f5dff8172eb7b4eec129df9d1d2f7133a4386319b47435",
                "sha256:6cef962d7834437fe8d3da6f9bfc6f93f20f218266dcefec0560ed7765f5fe01",
                "sha256:70645cad3407d103d1dbcb4841839d2946f7d36cf38acbd40120fee1682151e5",
                "sha256:716a47515ba1d03f8e8a61c5013041c8c90f2e21f055203498105d7571b44531",
                "sha256:72a26dcc6a59c057b292f39d41465d8233a10fd69121fa24f8f43ec6294e5415",
                "sha256:7373afae7cfb716e3b8e15d0184510d518f9d21471f2d62918dbece85f2c588f",
                "sha256:739a74970e736df0773788377969c9fea3876c2fc13d0563f98e5503e5185f46",
                "sha256:7bf1c5503a9f2cbd2f52d7e260acb3131b07b6273c470abb78568174fe6bde3f",
                "sha256:7f7211a746aced993bef487de69307a38c5ddd79257d7be83f7b202cb59ddb50",
                "sha256:8283afe7042d8270cecf27cca558873168e771183d4d593e3c5fe5f12402212a",
                "sha256:85c3a958ef8b3d5079c763477e1f09e89d13ad22198a37e9d7b26b4b17438b33",
                "sha256:89c9504fc96268e8e74b0283e548f53a80c421182a2007e3365805b74ceef936",
                "sha256:95b4639c77d414efa93c8de14ce3f7965a94d007e068a94f9d4997bb9bd9c81f",
                "sha256:95d538b10eb4621350a54bf14600cc80b514211d91a019dc74b8e23d2159ace5",
                "sha256:96bbae4c616726f4661fe7bcad5952e10d25d3c51ddc388189d8864fbc1b3c68",
                "sha256:98d0ce170fcde1a03b5df19c5650db22ab58af375aaa6ff07978a85c9f250f0e",
                "sha256:9960d162f3fecf6af252534a1ae337e9c2e20d74469fed782903b24e2cc9d3d7",
                "sha256:9a9ab52a466a9b4b91564437b36417b76033e8778e5af8f36be835d8cb370d62",
                "sha256:9d644de5520441e5f7e2db63aec2748948cc39ed4d7a87fd5db578ea4043d997",
                "sha256:9ead9765217afd04a86822dfcd4ed2747dfe426e887da413b15ff0ac2457e21a",
                "sha256:9feab78a1ffa4f2b1e27b1bcdaad36f48c2fed4870264ce32f52a393db093c78",
                "sha256:a16dd56bbcb7d10e62861c3cd000290ddff28ea142ffb5eb3470f183628011ac",
                "sha256:a664291c31cae9c4a30589bd8bc2ebb56ef880c9c6264cb7643633831e606a4d",
                "sha256:aaef1f056d96a0a5d53ad47d019d5b4c66fe4be2da87016e0d43b7242599ffc7",
                "sha256:baf2fe122a3db1c0b9f161aa44463d8f7e33eeeda47bb0309923deb743a18276",
                "sha256:bca11d3c38a47c621769433c47f364b44e8043e0de8e482c5968b20ab90a3986",
                "sha256:c1844be23cd40135b3a5a4dd298e1e0c0cb36757364dd6cdc6025770363e06c1",
                "sha256:c3c9740a77aeef3f5e3aaab92403946a8d34437db930a0280e7e81ddcada61f5",
                "sha256:c436fd1e95c04c19039668cfb548450a37c13f051e8659f40aed426e36b3765f",
                "sha256:c7f663ccc4093877f55b51477522abd7299a14c5bb7626c5238599db6a0cb95d",
                "sha256:c83aec91af9c6fbf7c743274fd952272403ad9a9db05fe9bfc9df8d12b45f176",
                "sha256:cbe1698e5b80298dbce8df4d8d1182279fbdaf1044e864cbc9d53c20e4a2be77",
                "sha256:cbfaa401d77334613cf434f723c7e8ba585df162be76474bccc53ae4e5520b3a",
                "sha256:d03c6f9dcd562c56527c42b8530aad93193e0b3254a588be1f2ed378cdfdea1b",
                "sha256:d428fc7731dcbb4e2ffe43aeb8f90775ad155e7db4347a639768bc6cd2df881a",
                "sha256:d5273fddf7a3e602695c92716c420c377599ed3c853ea669c1fe26218867002f",
                "sha256:d600e58ee6d036081c89696d2bdd55d507498a7180df2e19945c6642fac59588",
                "sha256:d72765a4bff8c43711d5b0f5b452991a9947853dfa471972169b3cc0ba1d0751",
                "sha256:d856164d25e2b3b07b779bfed813eb4b6b6ce73c2fd818d46f47c1eb5cd79bd6",
                "sha256:da304313761b8500b8e175eb2040c4394a875837d5635f6256d6fa0377ad32c8",
                "sha256:da7507d083ee33ccea1310447410c27ca11fb9ef18c95899ca57ff60a7e4d8f1",
                "sha256:dde35e2afbbe2272f8abee3b9fe6772d9b5a07d82607b5788e8508974059925c",
                "sha256:e154a7ee7fa18333ad90b20e16ef84daaeac61877c8ef942ec8dfa50dc38b7a1",
                "sha256:e4636a7f3b65a5f340ed9ddf53585c42e3ff37101d383ed321bfe5660481744b",
                "sha256:e91eb2c62c39705e17b4d42d4b86c4e86c884c0d15d9c5a47d0835f8387add8e",
                "sha256:ea74cf81fe61a7e9d77989050d0089a927ab758c29dac4e8e1b6c06fccf3ebf0",
                "sha256:ee38926f31f1aa61b0232a3a11b83461f7807661c062df9eb88769d86e6195c3",
                "sha256:efac4db9e044d47fd3b6b0d40b6708f4dfa2d8131a5ac1d604064147c0f552fd",
                "sha256:f14b36e6d4d07f1a5060f28ef3b3561c5d95eb0651741474ce4c0a4c56ba8719",
                "sha256:f3e5c1e0925e77ec46ddc736b756a6da50d4df4ee3f69536ffb2373460e2dafd",
                "sha256:f3f6e8e7af516a7549412ce57613e859c3be27d55341a894aacaa11703a4c31a",
                "sha256:f7f3071b5faa605b0ea51ec4bb3ea7257277446b053f4fd3ad02b1dcb4e64353",
                "sha256:f978ddfb6216028c8f1d6b0f7ef779949498b64117fc35a939022f67f810bdcb",
                "sha256:fa1cdfb8db96ef20137de5587954c812821966c3e8b48ffc871e22d7ec0a4938",
                "sha256:fb31080f2bd0681484b275461b202b5ad182f52c9ec606052020fe13eb13a72f",
                "sha256:fd5edc3f453de727af267c7909d083e19f6426fc9dd149e332b6034f2a5611e6"
            ],
            "markers": "python_version >= '3.9'",
            "version": "==2025.7.34"
        },
        "six": {
            "hashes": [
                "sha256:4721f391ed90541fddacab5acf947aa0d3dc7d27b2e1e8eda2be8970586c3274",
                "sha256:ff70335d468e7eb6ec65b95b99d3a2836546063f63acc5171de367e834932a81"
            ],
            "markers": "python_version >= '2.7' and python_version not in '3.0, 3.1, 3.2'",
            "version": "==1.17.0"
        },
        "sqlparse": {
            "hashes": [
                "sha256:09f67787f56a0b16ecdbde1bfc7f5d9c3371ca683cfeaa8e6ff60b4807ec9272",
                "sha256:cf2196ed3418f3ba5de6af7e82c694a9fbdbfecccdfc72e281548517081f16ca"
            ],
            "markers": "python_version >= '3.8'",
            "version": "==0.5.3"
        },
        "tqdm": {
            "hashes": [
                "sha256:26445eca388f82e72884e0d580d5464cd801a3ea01e63e5601bdff9ba6a48de2",
                "sha256:f8aef9c52c08c13a65f30ea34f4e5aac3fd1a34959879d7e59e63027286627f2"
            ],
            "markers": "python_version >= '3.7'",
            "version": "==4.67.1"
        }
    },
    "develop": {}
}
